// !$*UTF8*$!
{
	archiveVersion = 1;
	classes = {
	};
	objectVersion = 46;
	objects = {

/* Begin PBXBuildFile section */
		63D2CDA21B6E44C50058A590 /* AppDelegate.swift in Sources */ = {isa = PBXBuildFile; fileRef = 63D2CDA11B6E44C50058A590 /* AppDelegate.swift */; };
		63D2CDA41B6E44C50058A590 /* ViewController.swift in Sources */ = {isa = PBXBuildFile; fileRef = 63D2CDA31B6E44C50058A590 /* ViewController.swift */; };
		63D2CDA71B6E44C50058A590 /* Main.storyboard in Resources */ = {isa = PBXBuildFile; fileRef = 63D2CDA51B6E44C50058A590 /* Main.storyboard */; };
		63D2CDA91B6E44C50058A590 /* Images.xcassets in Resources */ = {isa = PBXBuildFile; fileRef = 63D2CDA81B6E44C50058A590 /* Images.xcassets */; };
		63D2CDAC1B6E44C50058A590 /* LaunchScreen.xib in Resources */ = {isa = PBXBuildFile; fileRef = 63D2CDAA1B6E44C50058A590 /* LaunchScreen.xib */; };
		63D2CDB81B6E44C50058A590 /* DBFMTests.swift in Sources */ = {isa = PBXBuildFile; fileRef = 63D2CDB71B6E44C50058A590 /* DBFMTests.swift */; };
/* End PBXBuildFile section */

/* Begin PBXContainerItemProxy section */
		63D2CDB21B6E44C50058A590 /* PBXContainerItemProxy */ = {
			isa = PBXContainerItemProxy;
			containerPortal = 63D2CD941B6E44C50058A590 /* Project object */;
			proxyType = 1;
			remoteGlobalIDString = 63D2CD9B1B6E44C50058A590;
			remoteInfo = DBFM;
		};
/* End PBXContainerItemProxy section */

/* Begin PBXFileReference section */
		63D2CD9C1B6E44C50058A590 /* DBFM.app */ = {isa = PBXFileReference; explicitFileType = wrapper.application; includeInIndex = 0; path = DBFM.app; sourceTree = BUILT_PRODUCTS_DIR; };
		63D2CDA01B6E44C50058A590 /* Info.plist */ = {isa = PBXFileReference; lastKnownFileType = text.plist.xml; path = Info.plist; sourceTree = "<group>"; };
		63D2CDA11B6E44C50058A590 /* AppDelegate.swift */ = {isa = PBXFileReference; lastKnownFileType = sourcecode.swift; path = AppDelegate.swift; sourceTree = "<group>"; };
		63D2CDA31B6E44C50058A590 /* ViewController.swift */ = {isa = PBXFileReference; lastKnownFileType = sourcecode.swift; path = ViewController.swift; sourceTree = "<group>"; };
		63D2CDA61B6E44C50058A590 /* Base */ = {isa = PBXFileReference; lastKnownFileType = file.storyboard; name = Base; path = Base.lproj/Main.storyboard; sourceTree = "<group>"; };
		63D2CDA81B6E44C50058A590 /* Images.xcassets */ = {isa = PBXFileReference; lastKnownFileType = folder.assetcatalog; path = Images.xcassets; sourceTree = "<group>"; };
		63D2CDAB1B6E44C50058A590 /* Base */ = {isa = PBXFileReference; lastKnownFileType = file.xib; name = Base; path = Base.lproj/LaunchScreen.xib; sourceTree = "<group>"; };
		63D2CDB11B6E44C50058A590 /* DBFMTests.xctest */ = {isa = PBXFileReference; explicitFileType = wrapper.cfbundle; includeInIndex = 0; path = DBFMTests.xctest; sourceTree = BUILT_PRODUCTS_DIR; };
		63D2CDB61B6E44C50058A590 /* Info.plist */ = {isa = PBXFileReference; lastKnownFileType = text.plist.xml; path = Info.plist; sourceTree = "<group>"; };
		63D2CDB71B6E44C50058A590 /* DBFMTests.swift */ = {isa = PBXFileReference; lastKnownFileType = sourcecode.swift; path = DBFMTests.swift; sourceTree = "<group>"; };
/* End PBXFileReference section */

/* Begin PBXFrameworksBuildPhase section */
		63D2CD991B6E44C50058A590 /* Frameworks */ = {
			isa = PBXFrameworksBuildPhase;
			buildActionMask = 2147483647;
			files = (
			);
			runOnlyForDeploymentPostprocessing = 0;
		};
		63D2CDAE1B6E44C50058A590 /* Frameworks */ = {
			isa = PBXFrameworksBuildPhase;
			buildActionMask = 2147483647;
			files = (
			);
			runOnlyForDeploymentPostprocessing = 0;
		};
/* End PBXFrameworksBuildPhase section */

/* Begin PBXGroup section */
		63D2CD931B6E44C50058A590 = {
			isa = PBXGroup;
			children = (
				63D2CD9E1B6E44C50058A590 /* DBFM */,
				63D2CDB41B6E44C50058A590 /* DBFMTests */,
				63D2CD9D1B6E44C50058A590 /* Products */,
			);
			sourceTree = "<group>";
		};
		63D2CD9D1B6E44C50058A590 /* Products */ = {
			isa = PBXGroup;
			children = (
				63D2CD9C1B6E44C50058A590 /* DBFM.app */,
				63D2CDB11B6E44C50058A590 /* DBFMTests.xctest */,
			);
			name = Products;
			sourceTree = "<group>";
		};
		63D2CD9E1B6E44C50058A590 /* DBFM */ = {
			isa = PBXGroup;
			children = (
				63D2CDA11B6E44C50058A590 /* AppDelegate.swift */,
				63D2CDA31B6E44C50058A590 /* ViewController.swift */,
				63D2CDA51B6E44C50058A590 /* Main.storyboard */,
				63D2CDA81B6E44C50058A590 /* Images.xcassets */,
				63D2CDAA1B6E44C50058A590 /* LaunchScreen.xib */,
				63D2CD9F1B6E44C50058A590 /* Supporting Files */,
			);
			path = DBFM;
			sourceTree = "<group>";
		};
		63D2CD9F1B6E44C50058A590 /* Supporting Files */ = {
			isa = PBXGroup;
			children = (
				63D2CDA01B6E44C50058A590 /* Info.plist */,
			);
			name = "Supporting Files";
			sourceTree = "<group>";
		};
		63D2CDB41B6E44C50058A590 /* DBFMTests */ = {
			isa = PBXGroup;
			children = (
				63D2CDB71B6E44C50058A590 /* DBFMTests.swift */,
				63D2CDB51B6E44C50058A590 /* Supporting Files */,
			);
			path = DBFMTests;
			sourceTree = "<group>";
		};
		63D2CDB51B6E44C50058A590 /* Supporting Files */ = {
			isa = PBXGroup;
			children = (
				63D2CDB61B6E44C50058A590 /* Info.plist */,
			);
			name = "Supporting Files";
			sourceTree = "<group>";
		};
/* End PBXGroup section */

/* Begin PBXNativeTarget section */
		63D2CD9B1B6E44C50058A590 /* DBFM */ = {
			isa = PBXNativeTarget;
			buildConfigurationList = 63D2CDBB1B6E44C50058A590 /* Build configuration list for PBXNativeTarget "DBFM" */;
			buildPhases = (
				63D2CD981B6E44C50058A590 /* Sources */,
				63D2CD991B6E44C50058A590 /* Frameworks */,
				63D2CD9A1B6E44C50058A590 /* Resources */,
			);
			buildRules = (
			);
			dependencies = (
			);
			name = DBFM;
			productName = DBFM;
			productReference = 63D2CD9C1B6E44C50058A590 /* DBFM.app */;
			productType = "com.apple.product-type.application";
		};
		63D2CDB01B6E44C50058A590 /* DBFMTests */ = {
			isa = PBXNativeTarget;
			buildConfigurationList = 63D2CDBE1B6E44C50058A590 /* Build configuration list for PBXNativeTarget "DBFMTests" */;
			buildPhases = (
				63D2CDAD1B6E44C50058A590 /* Sources */,
				63D2CDAE1B6E44C50058A590 /* Frameworks */,
				63D2CDAF1B6E44C50058A590 /* Resources */,
			);
			buildRules = (
			);
			dependencies = (
				63D2CDB31B6E44C50058A590 /* PBXTargetDependency */,
			);
			name = DBFMTests;
			productName = DBFMTests;
			productReference = 63D2CDB11B6E44C50058A590 /* DBFMTests.xctest */;
			productType = "com.apple.product-type.bundle.unit-test";
		};
/* End PBXNativeTarget section */

/* Begin PBXProject section */
		63D2CD941B6E44C50058A590 /* Project object */ = {
			isa = PBXProject;
			attributes = {
				LastUpgradeCheck = 0640;
				ORGANIZATIONNAME = "钟信";
				TargetAttributes = {
					63D2CD9B1B6E44C50058A590 = {
						CreatedOnToolsVersion = 6.4;
					};
					63D2CDB01B6E44C50058A590 = {
						CreatedOnToolsVersion = 6.4;
						TestTargetID = 63D2CD9B1B6E44C50058A590;
					};
				};
			};
			buildConfigurationList = 63D2CD971B6E44C50058A590 /* Build configuration list for PBXProject "DBFM" */;
			compatibilityVersion = "Xcode 3.2";
			developmentRegion = English;
			hasScannedForEncodings = 0;
			knownRegions = (
				en,
				Base,
			);
			mainGroup = 63D2CD931B6E44C50058A590;
			productRefGroup = 63D2CD9D1B6E44C50058A590 /* Products */;
			projectDirPath = "";
			projectRoot = "";
			targets = (
				63D2CD9B1B6E44C50058A590 /* DBFM */,
				63D2CDB01B6E44C50058A590 /* DBFMTests */,
			);
		};
/* End PBXProject section */

/* Begin PBXResourcesBuildPhase section */
		63D2CD9A1B6E44C50058A590 /* Resources */ = {
			isa = PBXResourcesBuildPhase;
			buildActionMask = 2147483647;
			files = (
				63D2CDA71B6E44C50058A590 /* Main.storyboard in Resources */,
				63D2CDAC1B6E44C50058A590 /* LaunchScreen.xib in Resources */,
				63D2CDA91B6E44C50058A590 /* Images.xcassets in Resources */,
			);
			runOnlyForDeploymentPostprocessing = 0;
		};
		63D2CDAF1B6E44C50058A590 /* Resources */ = {
			isa = PBXResourcesBuildPhase;
			buildActionMask = 2147483647;
			files = (
			);
			runOnlyForDeploymentPostprocessing = 0;
		};
/* End PBXResourcesBuildPhase section */

/* Begin PBXSourcesBuildPhase section */
		63D2CD981B6E44C50058A590 /* Sources */ = {
			isa = PBXSourcesBuildPhase;
			buildActionMask = 2147483647;
			files = (
				63D2CDA41B6E44C50058A590 /* ViewController.swift in Sources */,
				63D2CDA21B6E44C50058A590 /* AppDelegate.swift in Sources */,
			);
			runOnlyForDeploymentPostprocessing = 0;
		};
		63D2CDAD1B6E44C50058A590 /* Sources */ = {
			isa = PBXSourcesBuildPhase;
			buildActionMask = 2147483647;
			files = (
				63D2CDB81B6E44C50058A590 /* DBFMTests.swift in Sources */,
			);
			runOnlyForDeploymentPostprocessing = 0;
		};
/* End PBXSourcesBuildPhase section */

/* Begin PBXTargetDependency section */
		63D2CDB31B6E44C50058A590 /* PBXTargetDependency */ = {
			isa = PBXTargetDependency;
			target = 63D2CD9B1B6E44C50058A590 /* DBFM */;
			targetProxy = 63D2CDB21B6E44C50058A590 /* PBXContainerItemProxy */;
		};
/* End PBXTargetDependency section */

/* Begin PBXVariantGroup section */
		63D2CDA51B6E44C50058A590 /* Main.storyboard */ = {
			isa = PBXVariantGroup;
			children = (
				63D2CDA61B6E44C50058A590 /* Base */,
			);
			name = Main.storyboard;
			sourceTree = "<group>";
		};
		63D2CDAA1B6E44C50058A590 /* LaunchScreen.xib */ = {
			isa = PBXVariantGroup;
			children = (
				63D2CDAB1B6E44C50058A590 /* Base */,
			);
			name = LaunchScreen.xib;
			sourceTree = "<group>";
		};
/* End PBXVariantGroup section */

/* Begin XCBuildConfiguration section */
		63D2CDB91B6E44C50058A590 /* Debug */ = {
			isa = XCBuildConfiguration;
			buildSettings = {
				ALWAYS_SEARCH_USER_PATHS = NO;
				CLANG_CXX_LANGUAGE_STANDARD = "gnu++0x";
				CLANG_CXX_LIBRARY = "libc++";
				CLANG_ENABLE_MODULES = YES;
				CLANG_ENABLE_OBJC_ARC = YES;
				CLANG_WARN_BOOL_CONVERSION = YES;
				CLANG_WARN_CONSTANT_CONVERSION = YES;
				CLANG_WARN_DIRECT_OBJC_ISA_USAGE = YES_ERROR;
				CLANG_WARN_EMPTY_BODY = YES;
				CLANG_WARN_ENUM_CONVERSION = YES;
				CLANG_WARN_INT_CONVERSION = YES;
				CLANG_WARN_OBJC_ROOT_CLASS = YES_ERROR;
				CLANG_WARN_UNREACHABLE_CODE = YES;
				CLANG_WARN__DUPLICATE_METHOD_MATCH = YES;
				"CODE_SIGN_IDENTITY[sdk=iphoneos*]" = "iPhone Developer";
				COPY_PHASE_STRIP = NO;
				DEBUG_INFORMATION_FORMAT = "dwarf-with-dsym";
				ENABLE_STRICT_OBJC_MSGSEND = YES;
				GCC_C_LANGUAGE_STANDARD = gnu99;
				GCC_DYNAMIC_NO_PIC = NO;
				GCC_NO_COMMON_BLOCKS = YES;
				GCC_OPTIMIZATION_LEVEL = 0;
				GCC_PREPROCESSOR_DEFINITIONS = (
					"DEBUG=1",
					"$(inherited)",
				);
				GCC_SYMBOLS_PRIVATE_EXTERN = NO;
				GCC_WARN_64_TO_32_BIT_CONVERSION = YES;
				GCC_WARN_ABOUT_RETURN_TYPE = YES_ERROR;
				GCC_WARN_UNDECLARED_SELECTOR = YES;
				GCC_WARN_UNINITIALIZED_AUTOS = YES_AGGRESSIVE;
				GCC_WARN_UNUSED_FUNCTION = YES;
				GCC_WARN_UNUSED_VARIABLE = YES;
				IPHONEOS_DEPLOYMENT_TARGET = 8.4;
				MTL_ENABLE_DEBUG_INFO = YES;
				ONLY_ACTIVE_ARCH = YES;
				SDKROOT = iphoneos;
				SWIFT_OPTIMIZATION_LEVEL = "-Onone";
			};
			name = Debug;
		};
		63D2CDBA1B6E44C50058A590 /* Release */ = {
			isa = XCBuildConfiguration;
			buildSettings = {
				ALWAYS_SEARCH_USER_PATHS = NO;
				CLANG_CXX_LANGUAGE_STANDARD = "gnu++0x";
				CLANG_CXX_LIBRARY = "libc++";
				CLANG_ENABLE_MODULES = YES;
				CLANG_ENABLE_OBJC_ARC = YES;
				CLANG_WARN_BOOL_CONVERSION = YES;
				CLANG_WARN_CONSTANT_CONVERSION = YES;
				CLANG_WARN_DIRECT_OBJC_ISA_USAGE = YES_ERROR;
				CLANG_WARN_EMPTY_BODY = YES;
				CLANG_WARN_ENUM_CONVERSION = YES;
				CLANG_WARN_INT_CONVERSION = YES;
				CLANG_WARN_OBJC_ROOT_CLASS = YES_ERROR;
				CLANG_WARN_UNREACHABLE_CODE = YES;
				CLANG_WARN__DUPLICATE_METHOD_MATCH = YES;
				"CODE_SIGN_IDENTITY[sdk=iphoneos*]" = "iPhone Developer";
				COPY_PHASE_STRIP = NO;
				DEBUG_INFORMATION_FORMAT = "dwarf-with-dsym";
				ENABLE_NS_ASSERTIONS = NO;
				ENABLE_STRICT_OBJC_MSGSEND = YES;
				GCC_C_LANGUAGE_STANDARD = gnu99;
				GCC_NO_COMMON_BLOCKS = YES;
				GCC_WARN_64_TO_32_BIT_CONVERSION = YES;
				GCC_WARN_ABOUT_RETURN_TYPE = YES_ERROR;
				GCC_WARN_UNDECLARED_SELECTOR = YES;
				GCC_WARN_UNINITIALIZED_AUTOS = YES_AGGRESSIVE;
				GCC_WARN_UNUSED_FUNCTION = YES;
				GCC_WARN_UNUSED_VARIABLE = YES;
				IPHONEOS_DEPLOYMENT_TARGET = 8.4;
				MTL_ENABLE_DEBUG_INFO = NO;
				SDKROOT = iphoneos;
				VALIDATE_PRODUCT = YES;
			};
			name = Release;
		};
		63D2CDBC1B6E44C50058A590 /* Debug */ = {
			isa = XCBuildConfiguration;
			buildSettings = {
				ASSETCATALOG_COMPILER_APPICON_NAME = AppIcon;
				INFOPLIST_FILE = DBFM/Info.plist;
				LD_RUNPATH_SEARCH_PATHS = "$(inherited) @executable_path/Frameworks";
				PRODUCT_NAME = "$(TARGET_NAME)";
			};
			name = Debug;
		};
		63D2CDBD1B6E44C50058A590 /* Release */ = {
			isa = XCBuildConfiguration;
			buildSettings = {
				ASSETCATALOG_COMPILER_APPICON_NAME = AppIcon;
				INFOPLIST_FILE = DBFM/Info.plist;
				LD_RUNPATH_SEARCH_PATHS = "$(inherited) @executable_path/Frameworks";
				PRODUCT_NAME = "$(TARGET_NAME)";
			};
			name = Release;
		};
		63D2CDBF1B6E44C50058A590 /* Debug */ = {
			isa = XCBuildConfiguration;
			buildSettings = {
				BUNDLE_LOADER = "$(TEST_HOST)";
				FRAMEWORK_SEARCH_PATHS = (
					"$(SDKROOT)/Developer/Library/Frameworks",
					"$(inherited)",
				);
				GCC_PREPROCESSOR_DEFINITIONS = (
					"DEBUG=1",
					"$(inherited)",
				);
				INFOPLIST_FILE = DBFMTests/Info.plist;
				LD_RUNPATH_SEARCH_PATHS = "$(inherited) @executable_path/Frameworks @loader_path/Frameworks";
				PRODUCT_NAME = "$(TARGET_NAME)";
				TEST_HOST = "$(BUILT_PRODUCTS_DIR)/DBFM.app/DBFM";
			};
			name = Debug;
		};
		63D2CDC01B6E44C50058A590 /* Release */ = {
			isa = XCBuildConfiguration;
			buildSettings = {
				BUNDLE_LOADER = "$(TEST_HOST)";
				FRAMEWORK_SEARCH_PATHS = (
					"$(SDKROOT)/Developer/Library/Frameworks",
					"$(inherited)",
				);
				INFOPLIST_FILE = DBFMTests/Info.plist;
				LD_RUNPATH_SEARCH_PATHS = "$(inherited) @executable_path/Frameworks @loader_path/Frameworks";
				PRODUCT_NAME = "$(TARGET_NAME)";
				TEST_HOST = "$(BUILT_PRODUCTS_DIR)/DBFM.app/DBFM";
			};
			name = Release;
		};
/* End XCBuildConfiguration section */

/* Begin XCConfigurationList section */
		63D2CD971B6E44C50058A590 /* Build configuration list for PBXProject "DBFM" */ = {
			isa = XCConfigurationList;
			buildConfigurations = (
				63D2CDB91B6E44C50058A590 /* Debug */,
				63D2CDBA1B6E44C50058A590 /* Release */,
			);
			defaultConfigurationIsVisible = 0;
			defaultConfigurationName = Release;
		};
		63D2CDBB1B6E44C50058A590 /* Build configuration list for PBXNativeTarget "DBFM" */ = {
			isa = XCConfigurationList;
			buildConfigurations = (
				63D2CDBC1B6E44C50058A590 /* Debug */,
				63D2CDBD1B6E44C50058A590 /* Release */,
			);
			defaultConfigurationIsVisible = 0;
		};
		63D2CDBE1B6E44C50058A590 /* Build configuration list for PBXNativeTarget "DBFMTests" */ = {
			isa = XCConfigurationList;
			buildConfigurations = (
				63D2CDBF1B6E44C50058A590 /* Debug */,
				63D2CDC01B6E44C50058A590 /* Release */,
			);
			defaultConfigurationIsVisible = 0;
		};
/* End XCConfigurationList section */
	};
	rootObject = 63D2CD941B6E44C50058A590 /* Project object */;
}
